// !$*UTF8*$!
{
	archiveVersion = 1;
	classes = {
	};
	objectVersion = 60;
	objects = {

/* Begin PBXBuildFile section */
		B54872842C5EB104003D1DFB /* BookHubApp.swift in Sources */ = {isa = PBXBuildFile; fileRef = B54872832C5EB104003D1DFB /* BookHubApp.swift */; };
		B54872862C5EB104003D1DFB /* AppView.swift in Sources */ = {isa = PBXBuildFile; fileRef = B54872852C5EB104003D1DFB /* AppView.swift */; };
		B54872882C5EB106003D1DFB /* Assets.xcassets in Resources */ = {isa = PBXBuildFile; fileRef = B54872872C5EB106003D1DFB /* Assets.xcassets */; };
		B548728B2C5EB106003D1DFB /* Preview Assets.xcassets in Resources */ = {isa = PBXBuildFile; fileRef = B548728A2C5EB106003D1DFB /* Preview Assets.xcassets */; };
		B54872952C5EB106003D1DFB /* BookHubTests.swift in Sources */ = {isa = PBXBuildFile; fileRef = B54872942C5EB106003D1DFB /* BookHubTests.swift */; };
		B548729F2C5EB106003D1DFB /* BookHubUITests.swift in Sources */ = {isa = PBXBuildFile; fileRef = B548729E2C5EB106003D1DFB /* BookHubUITests.swift */; };
		B54872A12C5EB106003D1DFB /* BookHubUITestsLaunchTests.swift in Sources */ = {isa = PBXBuildFile; fileRef = B54872A02C5EB106003D1DFB /* BookHubUITestsLaunchTests.swift */; };
		B571CA492C611D2400925286 /* AppStyle in Frameworks */ = {isa = PBXBuildFile; productRef = B571CA482C611D2400925286 /* AppStyle */; };
		B5B013212C61494A00F04E8C /* AppStyle in Frameworks */ = {isa = PBXBuildFile; productRef = B5B013202C61494A00F04E8C /* AppStyle */; };
		B5C169C72C615BC70012FEFF /* DataTestUtilities in Frameworks */ = {isa = PBXBuildFile; productRef = B5C169C62C615BC70012FEFF /* DataTestUtilities */; };
		B5C169C92C615BC70012FEFF /* NetworkCore in Frameworks */ = {isa = PBXBuildFile; productRef = B5C169C82C615BC70012FEFF /* NetworkCore */; };
		B5C169CB2C615BC70012FEFF /* NetworkExtension in Frameworks */ = {isa = PBXBuildFile; productRef = B5C169CA2C615BC70012FEFF /* NetworkExtension */; };
		B5C169CD2C615BC70012FEFF /* Repositories in Frameworks */ = {isa = PBXBuildFile; productRef = B5C169CC2C615BC70012FEFF /* Repositories */; };
		B5C169CF2C615BC70012FEFF /* DomainTestUtilities in Frameworks */ = {isa = PBXBuildFile; productRef = B5C169CE2C615BC70012FEFF /* DomainTestUtilities */; };
		B5C169D12C615BC70012FEFF /* Entities in Frameworks */ = {isa = PBXBuildFile; productRef = B5C169D02C615BC70012FEFF /* Entities */; };
		B5C169D32C615BC70012FEFF /* RepositoryProtocol in Frameworks */ = {isa = PBXBuildFile; productRef = B5C169D22C615BC70012FEFF /* RepositoryProtocol */; };
		B5C169D52C615BC70012FEFF /* UseCaseProtocol in Frameworks */ = {isa = PBXBuildFile; productRef = B5C169D42C615BC70012FEFF /* UseCaseProtocol */; };
		B5C169D72C615BC70012FEFF /* UseCases in Frameworks */ = {isa = PBXBuildFile; productRef = B5C169D62C615BC70012FEFF /* UseCases */; };
		B5C169D92C615BC70012FEFF /* BookDetail in Frameworks */ = {isa = PBXBuildFile; productRef = B5C169D82C615BC70012FEFF /* BookDetail */; };
		B5C169DB2C615BC70012FEFF /* BookList in Frameworks */ = {isa = PBXBuildFile; productRef = B5C169DA2C615BC70012FEFF /* BookList */; };
		B5C169DD2C615D130012FEFF /* AppCoordinator.swift in Sources */ = {isa = PBXBuildFile; fileRef = B5C169DC2C615D130012FEFF /* AppCoordinator.swift */; };
		B5C169E02C6181CD0012FEFF /* Factory in Frameworks */ = {isa = PBXBuildFile; productRef = B5C169DF2C6181CD0012FEFF /* Factory */; };
		B5C169E32C6181F40012FEFF /* Container+Injection.swift in Sources */ = {isa = PBXBuildFile; fileRef = B5C169E22C6181F40012FEFF /* Container+Injection.swift */; };
		B5C959172C63BB790076A203 /* SplashScreenView.swift in Sources */ = {isa = PBXBuildFile; fileRef = B5C959162C63BB790076A203 /* SplashScreenView.swift */; };
		B5CBE9792C663A7000B6095F /* SplashBackground.swift in Sources */ = {isa = PBXBuildFile; fileRef = B5CBE9782C663A7000B6095F /* SplashBackground.swift */; };
		B5CBE97B2C66483500B6095F /* SplashTextView.swift in Sources */ = {isa = PBXBuildFile; fileRef = B5CBE97A2C66483500B6095F /* SplashTextView.swift */; };
/* End PBXBuildFile section */

/* Begin PBXContainerItemProxy section */
		B54872912C5EB106003D1DFB /* PBXContainerItemProxy */ = {
			isa = PBXContainerItemProxy;
			containerPortal = B54872782C5EB103003D1DFB /* Project object */;
			proxyType = 1;
			remoteGlobalIDString = B548727F2C5EB104003D1DFB;
			remoteInfo = BookHub;
		};
		B548729B2C5EB106003D1DFB /* PBXContainerItemProxy */ = {
			isa = PBXContainerItemProxy;
			containerPortal = B54872782C5EB103003D1DFB /* Project object */;
			proxyType = 1;
			remoteGlobalIDString = B548727F2C5EB104003D1DFB;
			remoteInfo = BookHub;
		};
/* End PBXContainerItemProxy section */

/* Begin PBXFileReference section */
		B54872802C5EB104003D1DFB /* BookHub.app */ = {isa = PBXFileReference; explicitFileType = wrapper.application; includeInIndex = 0; path = BookHub.app; sourceTree = BUILT_PRODUCTS_DIR; };
		B54872832C5EB104003D1DFB /* BookHubApp.swift */ = {isa = PBXFileReference; lastKnownFileType = sourcecode.swift; path = BookHubApp.swift; sourceTree = "<group>"; };
		B54872852C5EB104003D1DFB /* AppView.swift */ = {isa = PBXFileReference; lastKnownFileType = sourcecode.swift; path = AppView.swift; sourceTree = "<group>"; };
		B54872872C5EB106003D1DFB /* Assets.xcassets */ = {isa = PBXFileReference; lastKnownFileType = folder.assetcatalog; path = Assets.xcassets; sourceTree = "<group>"; };
		B548728A2C5EB106003D1DFB /* Preview Assets.xcassets */ = {isa = PBXFileReference; lastKnownFileType = folder.assetcatalog; path = "Preview Assets.xcassets"; sourceTree = "<group>"; };
		B54872902C5EB106003D1DFB /* BookHubTests.xctest */ = {isa = PBXFileReference; explicitFileType = wrapper.cfbundle; includeInIndex = 0; path = BookHubTests.xctest; sourceTree = BUILT_PRODUCTS_DIR; };
		B54872942C5EB106003D1DFB /* BookHubTests.swift */ = {isa = PBXFileReference; lastKnownFileType = sourcecode.swift; path = BookHubTests.swift; sourceTree = "<group>"; };
		B548729A2C5EB106003D1DFB /* BookHubUITests.xctest */ = {isa = PBXFileReference; explicitFileType = wrapper.cfbundle; includeInIndex = 0; path = BookHubUITests.xctest; sourceTree = BUILT_PRODUCTS_DIR; };
		B548729E2C5EB106003D1DFB /* BookHubUITests.swift */ = {isa = PBXFileReference; lastKnownFileType = sourcecode.swift; path = BookHubUITests.swift; sourceTree = "<group>"; };
		B54872A02C5EB106003D1DFB /* BookHubUITestsLaunchTests.swift */ = {isa = PBXFileReference; lastKnownFileType = sourcecode.swift; path = BookHubUITestsLaunchTests.swift; sourceTree = "<group>"; };
		B54872AE2C5EE623003D1DFB /* Domain */ = {isa = PBXFileReference; lastKnownFileType = wrapper; path = Domain; sourceTree = "<group>"; };
		B54872AF2C5EF07F003D1DFB /* Data */ = {isa = PBXFileReference; lastKnownFileType = wrapper; path = Data; sourceTree = "<group>"; };
		B54872B02C603AA9003D1DFB /* APIKeys.xcconfig */ = {isa = PBXFileReference; lastKnownFileType = text.xcconfig; path = APIKeys.xcconfig; sourceTree = "<group>"; };
		B54872B12C603C61003D1DFB /* Info.plist */ = {isa = PBXFileReference; lastKnownFileType = text.plist; path = Info.plist; sourceTree = "<group>"; };
		B54872B22C60E02E003D1DFB /* Presentation */ = {isa = PBXFileReference; lastKnownFileType = wrapper; path = Presentation; sourceTree = "<group>"; };
		B5C169DC2C615D130012FEFF /* AppCoordinator.swift */ = {isa = PBXFileReference; lastKnownFileType = sourcecode.swift; path = AppCoordinator.swift; sourceTree = "<group>"; };
		B5C169E22C6181F40012FEFF /* Container+Injection.swift */ = {isa = PBXFileReference; lastKnownFileType = sourcecode.swift; path = "Container+Injection.swift"; sourceTree = "<group>"; };
		B5C959162C63BB790076A203 /* SplashScreenView.swift */ = {isa = PBXFileReference; lastKnownFileType = sourcecode.swift; path = SplashScreenView.swift; sourceTree = "<group>"; };
		B5CBE9782C663A7000B6095F /* SplashBackground.swift */ = {isa = PBXFileReference; lastKnownFileType = sourcecode.swift; path = SplashBackground.swift; sourceTree = "<group>"; };
		B5CBE97A2C66483500B6095F /* SplashTextView.swift */ = {isa = PBXFileReference; lastKnownFileType = sourcecode.swift; path = SplashTextView.swift; sourceTree = "<group>"; };
/* End PBXFileReference section */

/* Begin PBXFrameworksBuildPhase section */
		B548727D2C5EB104003D1DFB /* Frameworks */ = {
			isa = PBXFrameworksBuildPhase;
			buildActionMask = 2147483647;
			files = (
				B5C169D92C615BC70012FEFF /* BookDetail in Frameworks */,
				B5C169D52C615BC70012FEFF /* UseCaseProtocol in Frameworks */,
				B5C169CD2C615BC70012FEFF /* Repositories in Frameworks */,
				B5C169D72C615BC70012FEFF /* UseCases in Frameworks */,
				B5B013212C61494A00F04E8C /* AppStyle in Frameworks */,
				B571CA492C611D2400925286 /* AppStyle in Frameworks */,
				B5C169CF2C615BC70012FEFF /* DomainTestUtilities in Frameworks */,
				B5C169DB2C615BC70012FEFF /* BookList in Frameworks */,
				B5C169C92C615BC70012FEFF /* NetworkCore in Frameworks */,
				B5C169E02C6181CD0012FEFF /* Factory in Frameworks */,
				B5C169D32C615BC70012FEFF /* RepositoryProtocol in Frameworks */,
				B5C169D12C615BC70012FEFF /* Entities in Frameworks */,
				B5C169CB2C615BC70012FEFF /* NetworkExtension in Frameworks */,
				B5C169C72C615BC70012FEFF /* DataTestUtilities in Frameworks */,
			);
			runOnlyForDeploymentPostprocessing = 0;
		};
		B548728D2C5EB106003D1DFB /* Frameworks */ = {
			isa = PBXFrameworksBuildPhase;
			buildActionMask = 2147483647;
			files = (
			);
			runOnlyForDeploymentPostprocessing = 0;
		};
		B54872972C5EB106003D1DFB /* Frameworks */ = {
			isa = PBXFrameworksBuildPhase;
			buildActionMask = 2147483647;
			files = (
			);
			runOnlyForDeploymentPostprocessing = 0;
		};
/* End PBXFrameworksBuildPhase section */

/* Begin PBXGroup section */
		B54872772C5EB103003D1DFB = {
			isa = PBXGroup;
			children = (
				B54872B22C60E02E003D1DFB /* Presentation */,
				B54872AF2C5EF07F003D1DFB /* Data */,
				B54872AE2C5EE623003D1DFB /* Domain */,
				B54872822C5EB104003D1DFB /* BookHub */,
				B54872932C5EB106003D1DFB /* BookHubTests */,
				B548729D2C5EB106003D1DFB /* BookHubUITests */,
				B54872812C5EB104003D1DFB /* Products */,
				B5C169C52C615BC70012FEFF /* Frameworks */,
			);
			sourceTree = "<group>";
		};
		B54872812C5EB104003D1DFB /* Products */ = {
			isa = PBXGroup;
			children = (
				B54872802C5EB104003D1DFB /* BookHub.app */,
				B54872902C5EB106003D1DFB /* BookHubTests.xctest */,
				B548729A2C5EB106003D1DFB /* BookHubUITests.xctest */,
			);
			name = Products;
			sourceTree = "<group>";
		};
		B54872822C5EB104003D1DFB /* BookHub */ = {
			isa = PBXGroup;
			children = (
				B5C959152C63BB5C0076A203 /* SplashScreen */,
				B5C169E12C6181DF0012FEFF /* DependencyInjection */,
				B54872B12C603C61003D1DFB /* Info.plist */,
				B54872832C5EB104003D1DFB /* BookHubApp.swift */,
				B54872852C5EB104003D1DFB /* AppView.swift */,
				B5C169DC2C615D130012FEFF /* AppCoordinator.swift */,
				B54872872C5EB106003D1DFB /* Assets.xcassets */,
				B54872892C5EB106003D1DFB /* Preview Content */,
				B54872B02C603AA9003D1DFB /* APIKeys.xcconfig */,
			);
			path = BookHub;
			sourceTree = "<group>";
		};
		B54872892C5EB106003D1DFB /* Preview Content */ = {
			isa = PBXGroup;
			children = (
				B548728A2C5EB106003D1DFB /* Preview Assets.xcassets */,
			);
			path = "Preview Content";
			sourceTree = "<group>";
		};
		B54872932C5EB106003D1DFB /* BookHubTests */ = {
			isa = PBXGroup;
			children = (
				B54872942C5EB106003D1DFB /* BookHubTests.swift */,
			);
			path = BookHubTests;
			sourceTree = "<group>";
		};
		B548729D2C5EB106003D1DFB /* BookHubUITests */ = {
			isa = PBXGroup;
			children = (
				B548729E2C5EB106003D1DFB /* BookHubUITests.swift */,
				B54872A02C5EB106003D1DFB /* BookHubUITestsLaunchTests.swift */,
			);
			path = BookHubUITests;
			sourceTree = "<group>";
		};
		B5C169C52C615BC70012FEFF /* Frameworks */ = {
			isa = PBXGroup;
			children = (
			);
			name = Frameworks;
			sourceTree = "<group>";
		};
		B5C169E12C6181DF0012FEFF /* DependencyInjection */ = {
			isa = PBXGroup;
			children = (
				B5C169E22C6181F40012FEFF /* Container+Injection.swift */,
			);
			path = DependencyInjection;
			sourceTree = "<group>";
		};
		B5C959152C63BB5C0076A203 /* SplashScreen */ = {
			isa = PBXGroup;
			children = (
				B5C959162C63BB790076A203 /* SplashScreenView.swift */,
				B5CBE9782C663A7000B6095F /* SplashBackground.swift */,
				B5CBE97A2C66483500B6095F /* SplashTextView.swift */,
			);
			path = SplashScreen;
			sourceTree = "<group>";
		};
/* End PBXGroup section */

/* Begin PBXNativeTarget section */
		B548727F2C5EB104003D1DFB /* BookHub */ = {
			isa = PBXNativeTarget;
			buildConfigurationList = B54872A42C5EB106003D1DFB /* Build configuration list for PBXNativeTarget "BookHub" */;
			buildPhases = (
				B548727C2C5EB104003D1DFB /* Sources */,
				B548727D2C5EB104003D1DFB /* Frameworks */,
				B548727E2C5EB104003D1DFB /* Resources */,
			);
			buildRules = (
			);
			dependencies = (
			);
			name = BookHub;
			packageProductDependencies = (
				B571CA482C611D2400925286 /* AppStyle */,
				B5B013202C61494A00F04E8C /* AppStyle */,
				B5C169C62C615BC70012FEFF /* DataTestUtilities */,
				B5C169C82C615BC70012FEFF /* NetworkCore */,
				B5C169CA2C615BC70012FEFF /* NetworkExtension */,
				B5C169CC2C615BC70012FEFF /* Repositories */,
				B5C169CE2C615BC70012FEFF /* DomainTestUtilities */,
				B5C169D02C615BC70012FEFF /* Entities */,
				B5C169D22C615BC70012FEFF /* RepositoryProtocol */,
				B5C169D42C615BC70012FEFF /* UseCaseProtocol */,
				B5C169D62C615BC70012FEFF /* UseCases */,
				B5C169D82C615BC70012FEFF /* BookDetail */,
				B5C169DA2C615BC70012FEFF /* BookList */,
				B5C169DF2C6181CD0012FEFF /* Factory */,
			);
			productName = BookHub;
			productReference = B54872802C5EB104003D1DFB /* BookHub.app */;
			productType = "com.apple.product-type.application";
		};
		B548728F2C5EB106003D1DFB /* BookHubTests */ = {
			isa = PBXNativeTarget;
			buildConfigurationList = B54872A72C5EB106003D1DFB /* Build configuration list for PBXNativeTarget "BookHubTests" */;
			buildPhases = (
				B548728C2C5EB106003D1DFB /* Sources */,
				B548728D2C5EB106003D1DFB /* Frameworks */,
				B548728E2C5EB106003D1DFB /* Resources */,
			);
			buildRules = (
			);
			dependencies = (
				B54872922C5EB106003D1DFB /* PBXTargetDependency */,
			);
			name = BookHubTests;
			productName = BookHubTests;
			productReference = B54872902C5EB106003D1DFB /* BookHubTests.xctest */;
			productType = "com.apple.product-type.bundle.unit-test";
		};
		B54872992C5EB106003D1DFB /* BookHubUITests */ = {
			isa = PBXNativeTarget;
			buildConfigurationList = B54872AA2C5EB106003D1DFB /* Build configuration list for PBXNativeTarget "BookHubUITests" */;
			buildPhases = (
				B54872962C5EB106003D1DFB /* Sources */,
				B54872972C5EB106003D1DFB /* Frameworks */,
				B54872982C5EB106003D1DFB /* Resources */,
			);
			buildRules = (
			);
			dependencies = (
				B548729C2C5EB106003D1DFB /* PBXTargetDependency */,
			);
			name = BookHubUITests;
			productName = BookHubUITests;
			productReference = B548729A2C5EB106003D1DFB /* BookHubUITests.xctest */;
			productType = "com.apple.product-type.bundle.ui-testing";
		};
/* End PBXNativeTarget section */

/* Begin PBXProject section */
		B54872782C5EB103003D1DFB /* Project object */ = {
			isa = PBXProject;
			attributes = {
				BuildIndependentTargetsInParallel = 1;
				LastSwiftUpdateCheck = 1510;
				LastUpgradeCheck = 1510;
				TargetAttributes = {
					B548727F2C5EB104003D1DFB = {
						CreatedOnToolsVersion = 15.1;
					};
					B548728F2C5EB106003D1DFB = {
						CreatedOnToolsVersion = 15.1;
						TestTargetID = B548727F2C5EB104003D1DFB;
					};
					B54872992C5EB106003D1DFB = {
						CreatedOnToolsVersion = 15.1;
						TestTargetID = B548727F2C5EB104003D1DFB;
					};
				};
			};
			buildConfigurationList = B548727B2C5EB103003D1DFB /* Build configuration list for PBXProject "BookHub" */;
			compatibilityVersion = "Xcode 14.0";
			developmentRegion = en;
			hasScannedForEncodings = 0;
			knownRegions = (
				en,
				Base,
			);
			mainGroup = B54872772C5EB103003D1DFB;
			packageReferences = (
				B5B0131F2C61494A00F04E8C /* XCLocalSwiftPackageReference "AppStyle" */,
				B5C169DE2C6181CD0012FEFF /* XCRemoteSwiftPackageReference "Factory" */,
			);
			productRefGroup = B54872812C5EB104003D1DFB /* Products */;
			projectDirPath = "";
			projectRoot = "";
			targets = (
				B548727F2C5EB104003D1DFB /* BookHub */,
				B548728F2C5EB106003D1DFB /* BookHubTests */,
				B54872992C5EB106003D1DFB /* BookHubUITests */,
			);
		};
/* End PBXProject section */

/* Begin PBXResourcesBuildPhase section */
		B548727E2C5EB104003D1DFB /* Resources */ = {
			isa = PBXResourcesBuildPhase;
			buildActionMask = 2147483647;
			files = (
				B548728B2C5EB106003D1DFB /* Preview Assets.xcassets in Resources */,
				B54872882C5EB106003D1DFB /* Assets.xcassets in Resources */,
			);
			runOnlyForDeploymentPostprocessing = 0;
		};
		B548728E2C5EB106003D1DFB /* Resources */ = {
			isa = PBXResourcesBuildPhase;
			buildActionMask = 2147483647;
			files = (
			);
			runOnlyForDeploymentPostprocessing = 0;
		};
		B54872982C5EB106003D1DFB /* Resources */ = {
			isa = PBXResourcesBuildPhase;
			buildActionMask = 2147483647;
			files = (
			);
			runOnlyForDeploymentPostprocessing = 0;
		};
/* End PBXResourcesBuildPhase section */

/* Begin PBXSourcesBuildPhase section */
		B548727C2C5EB104003D1DFB /* Sources */ = {
			isa = PBXSourcesBuildPhase;
			buildActionMask = 2147483647;
			files = (
				B5C169DD2C615D130012FEFF /* AppCoordinator.swift in Sources */,
				B5C169E32C6181F40012FEFF /* Container+Injection.swift in Sources */,
				B5CBE97B2C66483500B6095F /* SplashTextView.swift in Sources */,
				B5C959172C63BB790076A203 /* SplashScreenView.swift in Sources */,
				B54872862C5EB104003D1DFB /* AppView.swift in Sources */,
				B54872842C5EB104003D1DFB /* BookHubApp.swift in Sources */,
				B5CBE9792C663A7000B6095F /* SplashBackground.swift in Sources */,
			);
			runOnlyForDeploymentPostprocessing = 0;
		};
		B548728C2C5EB106003D1DFB /* Sources */ = {
			isa = PBXSourcesBuildPhase;
			buildActionMask = 2147483647;
			files = (
				B54872952C5EB106003D1DFB /* BookHubTests.swift in Sources */,
			);
			runOnlyForDeploymentPostprocessing = 0;
		};
		B54872962C5EB106003D1DFB /* Sources */ = {
			isa = PBXSourcesBuildPhase;
			buildActionMask = 2147483647;
			files = (
				B548729F2C5EB106003D1DFB /* BookHubUITests.swift in Sources */,
				B54872A12C5EB106003D1DFB /* BookHubUITestsLaunchTests.swift in Sources */,
			);
			runOnlyForDeploymentPostprocessing = 0;
		};
/* End PBXSourcesBuildPhase section */

/* Begin PBXTargetDependency section */
		B54872922C5EB106003D1DFB /* PBXTargetDependency */ = {
			isa = PBXTargetDependency;
			target = B548727F2C5EB104003D1DFB /* BookHub */;
			targetProxy = B54872912C5EB106003D1DFB /* PBXContainerItemProxy */;
		};
		B548729C2C5EB106003D1DFB /* PBXTargetDependency */ = {
			isa = PBXTargetDependency;
			target = B548727F2C5EB104003D1DFB /* BookHub */;
			targetProxy = B548729B2C5EB106003D1DFB /* PBXContainerItemProxy */;
		};
/* End PBXTargetDependency section */

/* Begin XCBuildConfiguration section */
		B54872A22C5EB106003D1DFB /* Debug */ = {
			isa = XCBuildConfiguration;
			baseConfigurationReference = B54872B02C603AA9003D1DFB /* APIKeys.xcconfig */;
			buildSettings = {
				ALWAYS_SEARCH_USER_PATHS = NO;
				ASSETCATALOG_COMPILER_GENERATE_SWIFT_ASSET_SYMBOL_EXTENSIONS = YES;
				CLANG_ANALYZER_NONNULL = YES;
				CLANG_ANALYZER_NUMBER_OBJECT_CONVERSION = YES_AGGRESSIVE;
				CLANG_CXX_LANGUAGE_STANDARD = "gnu++20";
				CLANG_ENABLE_MODULES = YES;
				CLANG_ENABLE_OBJC_ARC = YES;
				CLANG_ENABLE_OBJC_WEAK = YES;
				CLANG_WARN_BLOCK_CAPTURE_AUTORELEASING = YES;
				CLANG_WARN_BOOL_CONVERSION = YES;
				CLANG_WARN_COMMA = YES;
				CLANG_WARN_CONSTANT_CONVERSION = YES;
				CLANG_WARN_DEPRECATED_OBJC_IMPLEMENTATIONS = YES;
				CLANG_WARN_DIRECT_OBJC_ISA_USAGE = YES_ERROR;
				CLANG_WARN_DOCUMENTATION_COMMENTS = YES;
				CLANG_WARN_EMPTY_BODY = YES;
				CLANG_WARN_ENUM_CONVERSION = YES;
				CLANG_WARN_INFINITE_RECURSION = YES;
				CLANG_WARN_INT_CONVERSION = YES;
				CLANG_WARN_NON_LITERAL_NULL_CONVERSION = YES;
				CLANG_WARN_OBJC_IMPLICIT_RETAIN_SELF = YES;
				CLANG_WARN_OBJC_LITERAL_CONVERSION = YES;
				CLANG_WARN_OBJC_ROOT_CLASS = YES_ERROR;
				CLANG_WARN_QUOTED_INCLUDE_IN_FRAMEWORK_HEADER = YES;
				CLANG_WARN_RANGE_LOOP_ANALYSIS = YES;
				CLANG_WARN_STRICT_PROTOTYPES = YES;
				CLANG_WARN_SUSPICIOUS_MOVE = YES;
				CLANG_WARN_UNGUARDED_AVAILABILITY = YES_AGGRESSIVE;
				CLANG_WARN_UNREACHABLE_CODE = YES;
				CLANG_WARN__DUPLICATE_METHOD_MATCH = YES;
				COPY_PHASE_STRIP = NO;
				DEBUG_INFORMATION_FORMAT = dwarf;
				ENABLE_STRICT_OBJC_MSGSEND = YES;
				ENABLE_TESTABILITY = YES;
				ENABLE_USER_SCRIPT_SANDBOXING = NO;
				GCC_C_LANGUAGE_STANDARD = gnu17;
				GCC_DYNAMIC_NO_PIC = NO;
				GCC_NO_COMMON_BLOCKS = YES;
				GCC_OPTIMIZATION_LEVEL = 0;
				GCC_PREPROCESSOR_DEFINITIONS = (
					"DEBUG=1",
					"$(inherited)",
				);
				GCC_WARN_64_TO_32_BIT_CONVERSION = YES;
				GCC_WARN_ABOUT_RETURN_TYPE = YES_ERROR;
				GCC_WARN_UNDECLARED_SELECTOR = YES;
				GCC_WARN_UNINITIALIZED_AUTOS = YES_AGGRESSIVE;
				GCC_WARN_UNUSED_FUNCTION = YES;
				GCC_WARN_UNUSED_VARIABLE = YES;
				IPHONEOS_DEPLOYMENT_TARGET = 17.2;
				LOCALIZATION_PREFERS_STRING_CATALOGS = YES;
				MTL_ENABLE_DEBUG_INFO = INCLUDE_SOURCE;
				MTL_FAST_MATH = YES;
				ONLY_ACTIVE_ARCH = YES;
				SDKROOT = iphoneos;
				SWIFT_ACTIVE_COMPILATION_CONDITIONS = "DEBUG $(inherited)";
				SWIFT_OPTIMIZATION_LEVEL = "-Onone";
			};
			name = Debug;
		};
		B54872A32C5EB106003D1DFB /* Release */ = {
			isa = XCBuildConfiguration;
			baseConfigurationReference = B54872B02C603AA9003D1DFB /* APIKeys.xcconfig */;
			buildSettings = {
				ALWAYS_SEARCH_USER_PATHS = NO;
				ASSETCATALOG_COMPILER_GENERATE_SWIFT_ASSET_SYMBOL_EXTENSIONS = YES;
				CLANG_ANALYZER_NONNULL = YES;
				CLANG_ANALYZER_NUMBER_OBJECT_CONVERSION = YES_AGGRESSIVE;
				CLANG_CXX_LANGUAGE_STANDARD = "gnu++20";
				CLANG_ENABLE_MODULES = YES;
				CLANG_ENABLE_OBJC_ARC = YES;
				CLANG_ENABLE_OBJC_WEAK = YES;
				CLANG_WARN_BLOCK_CAPTURE_AUTORELEASING = YES;
				CLANG_WARN_BOOL_CONVERSION = YES;
				CLANG_WARN_COMMA = YES;
				CLANG_WARN_CONSTANT_CONVERSION = YES;
				CLANG_WARN_DEPRECATED_OBJC_IMPLEMENTATIONS = YES;
				CLANG_WARN_DIRECT_OBJC_ISA_USAGE = YES_ERROR;
				CLANG_WARN_DOCUMENTATION_COMMENTS = YES;
				CLANG_WARN_EMPTY_BODY = YES;
				CLANG_WARN_ENUM_CONVERSION = YES;
				CLANG_WARN_INFINITE_RECURSION = YES;
				CLANG_WARN_INT_CONVERSION = YES;
				CLANG_WARN_NON_LITERAL_NULL_CONVERSION = YES;
				CLANG_WARN_OBJC_IMPLICIT_RETAIN_SELF = YES;
				CLANG_WARN_OBJC_LITERAL_CONVERSION = YES;
				CLANG_WARN_OBJC_ROOT_CLASS = YES_ERROR;
				CLANG_WARN_QUOTED_INCLUDE_IN_FRAMEWORK_HEADER = YES;
				CLANG_WARN_RANGE_LOOP_ANALYSIS = YES;
				CLANG_WARN_STRICT_PROTOTYPES = YES;
				CLANG_WARN_SUSPICIOUS_MOVE = YES;
				CLANG_WARN_UNGUARDED_AVAILABILITY = YES_AGGRESSIVE;
				CLANG_WARN_UNREACHABLE_CODE = YES;
				CLANG_WARN__DUPLICATE_METHOD_MATCH = YES;
				COPY_PHASE_STRIP = NO;
				DEBUG_INFORMATION_FORMAT = "dwarf-with-dsym";
				ENABLE_NS_ASSERTIONS = NO;
				ENABLE_STRICT_OBJC_MSGSEND = YES;
				ENABLE_USER_SCRIPT_SANDBOXING = NO;
				GCC_C_LANGUAGE_STANDARD = gnu17;
				GCC_NO_COMMON_BLOCKS = YES;
				GCC_WARN_64_TO_32_BIT_CONVERSION = YES;
				GCC_WARN_ABOUT_RETURN_TYPE = YES_ERROR;
				GCC_WARN_UNDECLARED_SELECTOR = YES;
				GCC_WARN_UNINITIALIZED_AUTOS = YES_AGGRESSIVE;
				GCC_WARN_UNUSED_FUNCTION = YES;
				GCC_WARN_UNUSED_VARIABLE = YES;
				IPHONEOS_DEPLOYMENT_TARGET = 17.2;
				LOCALIZATION_PREFERS_STRING_CATALOGS = YES;
				MTL_ENABLE_DEBUG_INFO = NO;
				MTL_FAST_MATH = YES;
				SDKROOT = iphoneos;
				SWIFT_COMPILATION_MODE = wholemodule;
				VALIDATE_PRODUCT = YES;
			};
			name = Release;
		};
		B54872A52C5EB106003D1DFB /* Debug */ = {
			isa = XCBuildConfiguration;
			buildSettings = {
				ASSETCATALOG_COMPILER_APPICON_NAME = AppIcon;
				ASSETCATALOG_COMPILER_GLOBAL_ACCENT_COLOR_NAME = AccentColor;
				CODE_SIGN_STYLE = Automatic;
				CURRENT_PROJECT_VERSION = 1;
				DEVELOPMENT_ASSET_PATHS = "\"BookHub/Preview Content\"";
				DEVELOPMENT_TEAM = FYSTXQ5L3G;
				ENABLE_PREVIEWS = YES;
				GENERATE_INFOPLIST_FILE = YES;
				INFOPLIST_FILE = BookHub/Info.plist;
				INFOPLIST_KEY_UIApplicationSceneManifest_Generation = YES;
				INFOPLIST_KEY_UIApplicationSupportsIndirectInputEvents = YES;
				INFOPLIST_KEY_UILaunchScreen_Generation = YES;
				INFOPLIST_KEY_UISupportedInterfaceOrientations_iPad = "UIInterfaceOrientationPortrait UIInterfaceOrientationPortraitUpsideDown UIInterfaceOrientationLandscapeLeft UIInterfaceOrientationLandscapeRight";
				INFOPLIST_KEY_UISupportedInterfaceOrientations_iPhone = "UIInterfaceOrientationPortrait UIInterfaceOrientationLandscapeLeft UIInterfaceOrientationLandscapeRight";
				IPHONEOS_DEPLOYMENT_TARGET = 15.0;
				LD_RUNPATH_SEARCH_PATHS = (
					"$(inherited)",
					"@executable_path/Frameworks",
				);
				MARKETING_VERSION = 1.0;
				PRODUCT_BUNDLE_IDENTIFIER = com.DF.BookHub;
				PRODUCT_NAME = "$(TARGET_NAME)";
				SUPPORTED_PLATFORMS = "iphoneos iphonesimulator";
				SUPPORTS_MACCATALYST = NO;
				SUPPORTS_MAC_DESIGNED_FOR_IPHONE_IPAD = NO;
				SWIFT_EMIT_LOC_STRINGS = YES;
				SWIFT_VERSION = 5.0;
				TARGETED_DEVICE_FAMILY = "1,2";
			};
			name = Debug;
		};
		B54872A62C5EB106003D1DFB /* Release */ = {
			isa = XCBuildConfiguration;
			buildSettings = {
				ASSETCATALOG_COMPILER_APPICON_NAME = AppIcon;
				ASSETCATALOG_COMPILER_GLOBAL_ACCENT_COLOR_NAME = AccentColor;
				CODE_SIGN_STYLE = Automatic;
				CURRENT_PROJECT_VERSION = 1;
				DEVELOPMENT_ASSET_PATHS = "\"BookHub/Preview Content\"";
				DEVELOPMENT_TEAM = FYSTXQ5L3G;
				ENABLE_PREVIEWS = YES;
				GENERATE_INFOPLIST_FILE = YES;
				INFOPLIST_FILE = BookHub/Info.plist;
				INFOPLIST_KEY_UIApplicationSceneManifest_Generation = YES;
				INFOPLIST_KEY_UIApplicationSupportsIndirectInputEvents = YES;
				INFOPLIST_KEY_UILaunchScreen_Generation = YES;
				INFOPLIST_KEY_UISupportedInterfaceOrientations_iPad = "UIInterfaceOrientationPortrait UIInterfaceOrientationPortraitUpsideDown UIInterfaceOrientationLandscapeLeft UIInterfaceOrientationLandscapeRight";
				INFOPLIST_KEY_UISupportedInterfaceOrientations_iPhone = "UIInterfaceOrientationPortrait UIInterfaceOrientationLandscapeLeft UIInterfaceOrientationLandscapeRight";
				IPHONEOS_DEPLOYMENT_TARGET = 15.0;
				LD_RUNPATH_SEARCH_PATHS = (
					"$(inherited)",
					"@executable_path/Frameworks",
				);
				MARKETING_VERSION = 1.0;
				PRODUCT_BUNDLE_IDENTIFIER = com.DF.BookHub;
				PRODUCT_NAME = "$(TARGET_NAME)";
				SUPPORTED_PLATFORMS = "iphoneos iphonesimulator";
				SUPPORTS_MACCATALYST = NO;
				SUPPORTS_MAC_DESIGNED_FOR_IPHONE_IPAD = NO;
				SWIFT_EMIT_LOC_STRINGS = YES;
				SWIFT_VERSION = 5.0;
				TARGETED_DEVICE_FAMILY = "1,2";
			};
			name = Release;
		};
		B54872A82C5EB106003D1DFB /* Debug */ = {
			isa = XCBuildConfiguration;
			buildSettings = {
				ALWAYS_EMBED_SWIFT_STANDARD_LIBRARIES = YES;
				BUNDLE_LOADER = "$(TEST_HOST)";
				CODE_SIGN_STYLE = Automatic;
				CURRENT_PROJECT_VERSION = 1;
				DEVELOPMENT_TEAM = FYSTXQ5L3G;
				GENERATE_INFOPLIST_FILE = YES;
				IPHONEOS_DEPLOYMENT_TARGET = 17.2;
				MARKETING_VERSION = 1.0;
				PRODUCT_BUNDLE_IDENTIFIER = com.DF.BookHubTests;
				PRODUCT_NAME = "$(TARGET_NAME)";
				SWIFT_EMIT_LOC_STRINGS = NO;
				SWIFT_VERSION = 5.0;
				TARGETED_DEVICE_FAMILY = "1,2";
				TEST_HOST = "$(BUILT_PRODUCTS_DIR)/BookHub.app/$(BUNDLE_EXECUTABLE_FOLDER_PATH)/BookHub";
			};
			name = Debug;
		};
		B54872A92C5EB106003D1DFB /* Release */ = {
			isa = XCBuildConfiguration;
			buildSettings = {
				ALWAYS_EMBED_SWIFT_STANDARD_LIBRARIES = YES;
				BUNDLE_LOADER = "$(TEST_HOST)";
				CODE_SIGN_STYLE = Automatic;
				CURRENT_PROJECT_VERSION = 1;
				DEVELOPMENT_TEAM = FYSTXQ5L3G;
				GENERATE_INFOPLIST_FILE = YES;
				IPHONEOS_DEPLOYMENT_TARGET = 17.2;
				MARKETING_VERSION = 1.0;
				PRODUCT_BUNDLE_IDENTIFIER = com.DF.BookHubTests;
				PRODUCT_NAME = "$(TARGET_NAME)";
				SWIFT_EMIT_LOC_STRINGS = NO;
				SWIFT_VERSION = 5.0;
				TARGETED_DEVICE_FAMILY = "1,2";
				TEST_HOST = "$(BUILT_PRODUCTS_DIR)/BookHub.app/$(BUNDLE_EXECUTABLE_FOLDER_PATH)/BookHub";
			};
			name = Release;
		};
		B54872AB2C5EB106003D1DFB /* Debug */ = {
			isa = XCBuildConfiguration;
			buildSettings = {
				ALWAYS_EMBED_SWIFT_STANDARD_LIBRARIES = YES;
				CODE_SIGN_STYLE = Automatic;
				CURRENT_PROJECT_VERSION = 1;
				DEVELOPMENT_TEAM = FYSTXQ5L3G;
				GENERATE_INFOPLIST_FILE = YES;
				MARKETING_VERSION = 1.0;
				PRODUCT_BUNDLE_IDENTIFIER = com.DF.BookHubUITests;
				PRODUCT_NAME = "$(TARGET_NAME)";
				SWIFT_EMIT_LOC_STRINGS = NO;
				SWIFT_VERSION = 5.0;
				TARGETED_DEVICE_FAMILY = "1,2";
				TEST_TARGET_NAME = BookHub;
			};
			name = Debug;
		};
		B54872AC2C5EB106003D1DFB /* Release */ = {
			isa = XCBuildConfiguration;
			buildSettings = {
				ALWAYS_EMBED_SWIFT_STANDARD_LIBRARIES = YES;
				CODE_SIGN_STYLE = Automatic;
				CURRENT_PROJECT_VERSION = 1;
				DEVELOPMENT_TEAM = FYSTXQ5L3G;
				GENERATE_INFOPLIST_FILE = YES;
				MARKETING_VERSION = 1.0;
				PRODUCT_BUNDLE_IDENTIFIER = com.DF.BookHubUITests;
				PRODUCT_NAME = "$(TARGET_NAME)";
				SWIFT_EMIT_LOC_STRINGS = NO;
				SWIFT_VERSION = 5.0;
				TARGETED_DEVICE_FAMILY = "1,2";
				TEST_TARGET_NAME = BookHub;
			};
			name = Release;
		};
/* End XCBuildConfiguration section */

/* Begin XCConfigurationList section */
		B548727B2C5EB103003D1DFB /* Build configuration list for PBXProject "BookHub" */ = {
			isa = XCConfigurationList;
			buildConfigurations = (
				B54872A22C5EB106003D1DFB /* Debug */,
				B54872A32C5EB106003D1DFB /* Release */,
			);
			defaultConfigurationIsVisible = 0;
			defaultConfigurationName = Release;
		};
		B54872A42C5EB106003D1DFB /* Build configuration list for PBXNativeTarget "BookHub" */ = {
			isa = XCConfigurationList;
			buildConfigurations = (
				B54872A52C5EB106003D1DFB /* Debug */,
				B54872A62C5EB106003D1DFB /* Release */,
			);
			defaultConfigurationIsVisible = 0;
			defaultConfigurationName = Release;
		};
		B54872A72C5EB106003D1DFB /* Build configuration list for PBXNativeTarget "BookHubTests" */ = {
			isa = XCConfigurationList;
			buildConfigurations = (
				B54872A82C5EB106003D1DFB /* Debug */,
				B54872A92C5EB106003D1DFB /* Release */,
			);
			defaultConfigurationIsVisible = 0;
			defaultConfigurationName = Release;
		};
		B54872AA2C5EB106003D1DFB /* Build configuration list for PBXNativeTarget "BookHubUITests" */ = {
			isa = XCConfigurationList;
			buildConfigurations = (
				B54872AB2C5EB106003D1DFB /* Debug */,
				B54872AC2C5EB106003D1DFB /* Release */,
			);
			defaultConfigurationIsVisible = 0;
			defaultConfigurationName = Release;
		};
/* End XCConfigurationList section */

/* Begin XCLocalSwiftPackageReference section */
		B5B0131F2C61494A00F04E8C /* XCLocalSwiftPackageReference "AppStyle" */ = {
			isa = XCLocalSwiftPackageReference;
			relativePath = AppStyle;
		};
/* End XCLocalSwiftPackageReference section */

/* Begin XCRemoteSwiftPackageReference section */
		B5C169DE2C6181CD0012FEFF /* XCRemoteSwiftPackageReference "Factory" */ = {
			isa = XCRemoteSwiftPackageReference;
			repositoryURL = "https://github.com/hmlongco/Factory.git";
			requirement = {
				kind = upToNextMajorVersion;
				minimumVersion = 1.2.9;
			};
		};
/* End XCRemoteSwiftPackageReference section */

/* Begin XCSwiftPackageProductDependency section */
		B571CA482C611D2400925286 /* AppStyle */ = {
			isa = XCSwiftPackageProductDependency;
			productName = AppStyle;
		};
		B5B013202C61494A00F04E8C /* AppStyle */ = {
			isa = XCSwiftPackageProductDependency;
			productName = AppStyle;
		};
		B5C169C62C615BC70012FEFF /* DataTestUtilities */ = {
			isa = XCSwiftPackageProductDependency;
			productName = DataTestUtilities;
		};
		B5C169C82C615BC70012FEFF /* NetworkCore */ = {
			isa = XCSwiftPackageProductDependency;
			productName = NetworkCore;
		};
		B5C169CA2C615BC70012FEFF /* NetworkExtension */ = {
			isa = XCSwiftPackageProductDependency;
			productName = NetworkExtension;
		};
		B5C169CC2C615BC70012FEFF /* Repositories */ = {
			isa = XCSwiftPackageProductDependency;
			productName = Repositories;
		};
		B5C169CE2C615BC70012FEFF /* DomainTestUtilities */ = {
			isa = XCSwiftPackageProductDependency;
			productName = DomainTestUtilities;
		};
		B5C169D02C615BC70012FEFF /* Entities */ = {
			isa = XCSwiftPackageProductDependency;
			productName = Entities;
		};
		B5C169D22C615BC70012FEFF /* RepositoryProtocol */ = {
			isa = XCSwiftPackageProductDependency;
			productName = RepositoryProtocol;
		};
		B5C169D42C615BC70012FEFF /* UseCaseProtocol */ = {
			isa = XCSwiftPackageProductDependency;
			productName = UseCaseProtocol;
		};
		B5C169D62C615BC70012FEFF /* UseCases */ = {
			isa = XCSwiftPackageProductDependency;
			productName = UseCases;
		};
		B5C169D82C615BC70012FEFF /* BookDetail */ = {
			isa = XCSwiftPackageProductDependency;
			productName = BookDetail;
		};
		B5C169DA2C615BC70012FEFF /* BookList */ = {
			isa = XCSwiftPackageProductDependency;
			productName = BookList;
		};
		B5C169DF2C6181CD0012FEFF /* Factory */ = {
			isa = XCSwiftPackageProductDependency;
			package = B5C169DE2C6181CD0012FEFF /* XCRemoteSwiftPackageReference "Factory" */;
			productName = Factory;
		};
/* End XCSwiftPackageProductDependency section */
	};
	rootObject = B54872782C5EB103003D1DFB /* Project object */;
}
